{
    "version": 3,
    "terraform_version": "0.9.11",
    "serial": 3,
    "lineage": "2385f563-474b-4c68-a3a3-666e327ae966",
    "modules": [
        {
            "path": [
                "root"
            ],
            "outputs": {},
            "resources": {
                "aws_autoscaling_group.cluster-asg": {
                    "type": "aws_autoscaling_group",
                    "depends_on": [
                        "aws_launch_configuration.cluster-lc"
                    ],
                    "primary": {
                        "id": "dave-ecs-test-windows",
                        "attributes": {
                            "arn": "arn:aws:autoscaling:eu-west-1:915203318988:autoScalingGroup:41c2bf07-5bd7-43e1-a42b-a80738bd215f:autoScalingGroupName/dave-ecs-test-windows",
                            "availability_zones.#": "2",
                            "availability_zones.1924028850": "eu-west-1b",
                            "availability_zones.3953592328": "eu-west-1a",
                            "default_cooldown": "300",
                            "desired_capacity": "1",
                            "force_delete": "false",
                            "health_check_grace_period": "300",
                            "health_check_type": "EC2",
                            "id": "dave-ecs-test-windows",
                            "launch_configuration": "dave-ecs-test-windows",
                            "load_balancers.#": "0",
                            "max_size": "1",
                            "metrics_granularity": "1Minute",
                            "min_size": "1",
                            "name": "dave-ecs-test-windows",
                            "placement_group": "",
                            "protect_from_scale_in": "false",
                            "suspended_processes.#": "0",
                            "tag.#": "0",
                            "target_group_arns.#": "0",
                            "termination_policies.#": "0",
                            "vpc_zone_identifier.#": "2",
                            "vpc_zone_identifier.252906580": "subnet-98b357fc",
                            "vpc_zone_identifier.3358213362": "subnet-06391c5f",
                            "wait_for_capacity_timeout": "10m"
                        },
                        "meta": {},
                        "tainted": false
                    },
                    "deposed": [],
                    "provider": ""
                },
                "aws_ecs_cluster.cluster": {
                    "type": "aws_ecs_cluster",
                    "depends_on": [],
                    "primary": {
                        "id": "arn:aws:ecs:eu-west-1:915203318988:cluster/dave-ecs-test-windows",
                        "attributes": {
                            "id": "arn:aws:ecs:eu-west-1:915203318988:cluster/dave-ecs-test-windows",
                            "name": "dave-ecs-test-windows"
                        },
                        "meta": {},
                        "tainted": false
                    },
                    "deposed": [],
                    "provider": ""
                },
                "aws_iam_instance_profile.cluster-iam-profile": {
                    "type": "aws_iam_instance_profile",
                    "depends_on": [
                        "aws_iam_role.cluster-iam-role"
                    ],
                    "primary": {
                        "id": "dave-ecs-test-windows-cluster",
                        "attributes": {
                            "arn": "arn:aws:iam::915203318988:instance-profile/dave-ecs-test-windows-cluster",
                            "id": "dave-ecs-test-windows-cluster",
                            "name": "dave-ecs-test-windows-cluster",
                            "path": "/",
                            "role": "dave-ecs-test-windows-cluster",
                            "roles.#": "1",
                            "roles.681345315": "dave-ecs-test-windows-cluster",
                            "unique_id": "AIPAJ3S66CXH2E67LDR3S"
                        },
                        "meta": {},
                        "tainted": false
                    },
                    "deposed": [],
                    "provider": ""
                },
                "aws_iam_role.cluster-iam-role": {
                    "type": "aws_iam_role",
                    "depends_on": [],
                    "primary": {
                        "id": "dave-ecs-test-windows-cluster",
                        "attributes": {
                            "arn": "arn:aws:iam::915203318988:role/dave-ecs-test-windows-cluster",
                            "assume_role_policy": "{\"Version\":\"2012-10-17\",\"Statement\":[{\"Sid\":\"\",\"Effect\":\"Allow\",\"Principal\":{\"Service\":\"ec2.amazonaws.com\"},\"Action\":\"sts:AssumeRole\"}]}",
                            "create_date": "2017-07-05T20:37:47Z",
                            "description": "Allows the container host to register containers with the cluster",
                            "id": "dave-ecs-test-windows-cluster",
                            "name": "dave-ecs-test-windows-cluster",
                            "path": "/",
                            "unique_id": "AROAJMPIOVQFZOIEUJT7K"
                        },
                        "meta": {},
                        "tainted": false
                    },
                    "deposed": [],
                    "provider": ""
                },
                "aws_iam_role_policy_attachment.cluster-iam-role-policy-attachment": {
                    "type": "aws_iam_role_policy_attachment",
                    "depends_on": [
                        "aws_iam_role.cluster-iam-role"
                    ],
                    "primary": {
                        "id": "dave-ecs-test-windows-cluster-0019592dc516f68dbe424e3132",
                        "attributes": {
                            "id": "dave-ecs-test-windows-cluster-0019592dc516f68dbe424e3132",
                            "policy_arn": "arn:aws:iam::aws:policy/service-role/AmazonEC2ContainerServiceforEC2Role",
                            "role": "dave-ecs-test-windows-cluster"
                        },
                        "meta": {},
                        "tainted": false
                    },
                    "deposed": [],
                    "provider": ""
                },
                "aws_launch_configuration.cluster-lc": {
                    "type": "aws_launch_configuration",
                    "depends_on": [
                        "aws_iam_role.cluster-iam-role"
                    ],
                    "primary": {
                        "id": "dave-ecs-test-windows",
                        "attributes": {
                            "associate_public_ip_address": "true",
                            "ebs_block_device.#": "0",
                            "ebs_optimized": "false",
                            "enable_monitoring": "true",
                            "ephemeral_block_device.#": "0",
                            "iam_instance_profile": "dave-ecs-test-windows-cluster",
                            "id": "dave-ecs-test-windows",
                            "image_id": "ami-0d839d6b",
                            "instance_type": "t2.micro",
                            "key_name": "",
                            "name": "dave-ecs-test-windows",
                            "root_block_device.#": "0",
                            "security_groups.#": "0",
                            "spot_price": "",
                            "user_data": "1ec97dcdd29f8c4faee99f8e6ecd2e16b5f376d8",
                            "vpc_classic_link_id": "",
                            "vpc_classic_link_security_groups.#": "0"
                        },
                        "meta": {},
                        "tainted": false
                    },
                    "deposed": [],
                    "provider": ""
                }
            },
            "depends_on": []
        }
    ]
}
